
Microsoft Visual Studio Solution File, Format Version 12.00
# Visual Studio Version 17
VisualStudioVersion = 17.5.002.0
MinimumVisualStudioVersion = 10.0.40219.1
Project("{2150E333-8FDC-42A3-9474-1A3956D46DE8}") = "Semana1", "Semana1", "{0F259A14-8C05-4A35-A877-702E78A4879C}"
EndProject
Project("{9A19103F-16F7-4668-BE54-9A1E7A4F7556}") = "Questao1", "Semana1\Questao1\Questao1.csproj", "{71D9445A-D9A1-44A0-A714-AB59CC23CB90}"
EndProject
Project("{9A19103F-16F7-4668-BE54-9A1E7A4F7556}") = "Questao2", "Semana1\Questao2\Questao2.csproj", "{83135D4A-55A0-44D7-AEF5-2E7AD0B0A1E2}"
EndProject
Project("{9A19103F-16F7-4668-BE54-9A1E7A4F7556}") = "Questao3", "Semana1\Questao3\Questao3.csproj", "{7B4EE4E7-D9A8-4271-A180-24C7A4DFB887}"
EndProject
Project("{9A19103F-16F7-4668-BE54-9A1E7A4F7556}") = "Questao4", "Semana1\Questao4\Questao4.csproj", "{1B93AC12-8420-4F1D-8BE0-D1EF16C99439}"
EndProject
Project("{9A19103F-16F7-4668-BE54-9A1E7A4F7556}") = "Questao5", "Semana1\Questao5\Questao5.csproj", "{EE770ADB-5406-429F-8A99-8F9A6B6DE320}"
EndProject
Project("{9A19103F-16F7-4668-BE54-9A1E7A4F7556}") = "Questao6", "Semana1\Questao6\Questao6.csproj", "{4D232D91-0BB9-4099-8BCD-744A7DE0DBB5}"
EndProject
Project("{9A19103F-16F7-4668-BE54-9A1E7A4F7556}") = "Questao7", "Semana1\Questao7\Questao7.csproj", "{35D54E1E-F6ED-45E7-B092-D5BDF828A486}"
EndProject
Project("{9A19103F-16F7-4668-BE54-9A1E7A4F7556}") = "Questao8", "Semana1\Questao8\Questao8.csproj", "{9275861C-AF0B-471A-A5DC-36102E6AC597}"
EndProject
Project("{2150E333-8FDC-42A3-9474-1A3956D46DE8}") = "Semana2", "Semana2", "{E5844BB0-0DB1-416A-A243-FDA094BC47B9}"
EndProject
Project("{FAE04EC0-301F-11D3-BF4B-00C04F79EFBC}") = "Exemplo_aula_2", "Semana2\Exemplo_aula_2\Exemplo_aula_2.csproj", "{44D69549-B5C3-48CC-A3FF-B3C777127392}"
EndProject
Project("{FAE04EC0-301F-11D3-BF4B-00C04F79EFBC}") = "P002", "Semana2\P002\P002.csproj", "{FC7E24A8-31B5-4F52-B036-5FEAD813F500}"
EndProject
Project("{2150E333-8FDC-42A3-9474-1A3956D46DE8}") = "Semana3", "Semana3", "{3E26B1D9-DA71-44EA-B7DA-87F3DB53EAB9}"
EndProject
Project("{FAE04EC0-301F-11D3-BF4B-00C04F79EFBC}") = "Exemplo_aula3", "Semana3\Exemplo_aula3\Exemplo_aula3.csproj", "{A2E765D8-97AB-4749-94B0-F24185203E1F}"
EndProject
Project("{FAE04EC0-301F-11D3-BF4B-00C04F79EFBC}") = "P003", "Semana3\P003\P003.csproj", "{E3B19C51-EEFF-4E5D-A6B2-91B81CF7A4C8}"
EndProject
Project("{FAE04EC0-301F-11D3-BF4B-00C04F79EFBC}") = "Atividade_Em_Sala", "Semana3\Atividade_Em_Sala\Atividade_Em_Sala.csproj", "{384B71C1-B4DD-4448-92FE-F52D6353AA66}"
EndProject
Project("{2150E333-8FDC-42A3-9474-1A3956D46DE8}") = "Semana4", "Semana4", "{16F13CA3-199E-46DF-8F6E-3AEC0F1EA6AC}"
EndProject
Project("{FAE04EC0-301F-11D3-BF4B-00C04F79EFBC}") = "Prova_Individual", "Semana4\Prova_Individual\Prova_Individual.csproj", "{A5AA537E-2C06-48A7-A696-03D139752F69}"
EndProject
Project("{FAE04EC0-301F-11D3-BF4B-00C04F79EFBC}") = "Exemplo_aula4", "Semana4\Exemplo_aula4\Exemplo_aula4.csproj", "{368D1847-FB1A-4F7C-9B58-50964E8C2904}"
EndProject
Global
	GlobalSection(SolutionConfigurationPlatforms) = preSolution
		Debug|Any CPU = Debug|Any CPU
		Release|Any CPU = Release|Any CPU
	EndGlobalSection
	GlobalSection(ProjectConfigurationPlatforms) = postSolution
		{71D9445A-D9A1-44A0-A714-AB59CC23CB90}.Debug|Any CPU.ActiveCfg = Debug|Any CPU
		{71D9445A-D9A1-44A0-A714-AB59CC23CB90}.Debug|Any CPU.Build.0 = Debug|Any CPU
		{71D9445A-D9A1-44A0-A714-AB59CC23CB90}.Release|Any CPU.ActiveCfg = Release|Any CPU
		{71D9445A-D9A1-44A0-A714-AB59CC23CB90}.Release|Any CPU.Build.0 = Release|Any CPU
		{83135D4A-55A0-44D7-AEF5-2E7AD0B0A1E2}.Debug|Any CPU.ActiveCfg = Debug|Any CPU
		{83135D4A-55A0-44D7-AEF5-2E7AD0B0A1E2}.Debug|Any CPU.Build.0 = Debug|Any CPU
		{83135D4A-55A0-44D7-AEF5-2E7AD0B0A1E2}.Release|Any CPU.ActiveCfg = Release|Any CPU
		{83135D4A-55A0-44D7-AEF5-2E7AD0B0A1E2}.Release|Any CPU.Build.0 = Release|Any CPU
		{7B4EE4E7-D9A8-4271-A180-24C7A4DFB887}.Debug|Any CPU.ActiveCfg = Debug|Any CPU
		{7B4EE4E7-D9A8-4271-A180-24C7A4DFB887}.Debug|Any CPU.Build.0 = Debug|Any CPU
		{7B4EE4E7-D9A8-4271-A180-24C7A4DFB887}.Release|Any CPU.ActiveCfg = Release|Any CPU
		{7B4EE4E7-D9A8-4271-A180-24C7A4DFB887}.Release|Any CPU.Build.0 = Release|Any CPU
		{1B93AC12-8420-4F1D-8BE0-D1EF16C99439}.Debug|Any CPU.ActiveCfg = Debug|Any CPU
		{1B93AC12-8420-4F1D-8BE0-D1EF16C99439}.Debug|Any CPU.Build.0 = Debug|Any CPU
		{1B93AC12-8420-4F1D-8BE0-D1EF16C99439}.Release|Any CPU.ActiveCfg = Release|Any CPU
		{1B93AC12-8420-4F1D-8BE0-D1EF16C99439}.Release|Any CPU.Build.0 = Release|Any CPU
		{EE770ADB-5406-429F-8A99-8F9A6B6DE320}.Debug|Any CPU.ActiveCfg = Debug|Any CPU
		{EE770ADB-5406-429F-8A99-8F9A6B6DE320}.Debug|Any CPU.Build.0 = Debug|Any CPU
		{EE770ADB-5406-429F-8A99-8F9A6B6DE320}.Release|Any CPU.ActiveCfg = Release|Any CPU
		{EE770ADB-5406-429F-8A99-8F9A6B6DE320}.Release|Any CPU.Build.0 = Release|Any CPU
		{4D232D91-0BB9-4099-8BCD-744A7DE0DBB5}.Debug|Any CPU.ActiveCfg = Debug|Any CPU
		{4D232D91-0BB9-4099-8BCD-744A7DE0DBB5}.Debug|Any CPU.Build.0 = Debug|Any CPU
		{4D232D91-0BB9-4099-8BCD-744A7DE0DBB5}.Release|Any CPU.ActiveCfg = Release|Any CPU
		{4D232D91-0BB9-4099-8BCD-744A7DE0DBB5}.Release|Any CPU.Build.0 = Release|Any CPU
		{35D54E1E-F6ED-45E7-B092-D5BDF828A486}.Debug|Any CPU.ActiveCfg = Debug|Any CPU
		{35D54E1E-F6ED-45E7-B092-D5BDF828A486}.Debug|Any CPU.Build.0 = Debug|Any CPU
		{35D54E1E-F6ED-45E7-B092-D5BDF828A486}.Release|Any CPU.ActiveCfg = Release|Any CPU
		{35D54E1E-F6ED-45E7-B092-D5BDF828A486}.Release|Any CPU.Build.0 = Release|Any CPU
		{9275861C-AF0B-471A-A5DC-36102E6AC597}.Debug|Any CPU.ActiveCfg = Debug|Any CPU
		{9275861C-AF0B-471A-A5DC-36102E6AC597}.Debug|Any CPU.Build.0 = Debug|Any CPU
		{9275861C-AF0B-471A-A5DC-36102E6AC597}.Release|Any CPU.ActiveCfg = Release|Any CPU
		{9275861C-AF0B-471A-A5DC-36102E6AC597}.Release|Any CPU.Build.0 = Release|Any CPU
		{44D69549-B5C3-48CC-A3FF-B3C777127392}.Debug|Any CPU.ActiveCfg = Debug|Any CPU
		{44D69549-B5C3-48CC-A3FF-B3C777127392}.Debug|Any CPU.Build.0 = Debug|Any CPU
		{44D69549-B5C3-48CC-A3FF-B3C777127392}.Release|Any CPU.ActiveCfg = Release|Any CPU
		{44D69549-B5C3-48CC-A3FF-B3C777127392}.Release|Any CPU.Build.0 = Release|Any CPU
		{FC7E24A8-31B5-4F52-B036-5FEAD813F500}.Debug|Any CPU.ActiveCfg = Debug|Any CPU
		{FC7E24A8-31B5-4F52-B036-5FEAD813F500}.Debug|Any CPU.Build.0 = Debug|Any CPU
		{FC7E24A8-31B5-4F52-B036-5FEAD813F500}.Release|Any CPU.ActiveCfg = Release|Any CPU
		{FC7E24A8-31B5-4F52-B036-5FEAD813F500}.Release|Any CPU.Build.0 = Release|Any CPU
		{A2E765D8-97AB-4749-94B0-F24185203E1F}.Debug|Any CPU.ActiveCfg = Debug|Any CPU
		{A2E765D8-97AB-4749-94B0-F24185203E1F}.Debug|Any CPU.Build.0 = Debug|Any CPU
		{A2E765D8-97AB-4749-94B0-F24185203E1F}.Release|Any CPU.ActiveCfg = Release|Any CPU
		{A2E765D8-97AB-4749-94B0-F24185203E1F}.Release|Any CPU.Build.0 = Release|Any CPU
		{E3B19C51-EEFF-4E5D-A6B2-91B81CF7A4C8}.Debug|Any CPU.ActiveCfg = Debug|Any CPU
		{E3B19C51-EEFF-4E5D-A6B2-91B81CF7A4C8}.Debug|Any CPU.Build.0 = Debug|Any CPU
		{E3B19C51-EEFF-4E5D-A6B2-91B81CF7A4C8}.Release|Any CPU.ActiveCfg = Release|Any CPU
		{E3B19C51-EEFF-4E5D-A6B2-91B81CF7A4C8}.Release|Any CPU.Build.0 = Release|Any CPU
		{384B71C1-B4DD-4448-92FE-F52D6353AA66}.Debug|Any CPU.ActiveCfg = Debug|Any CPU
		{384B71C1-B4DD-4448-92FE-F52D6353AA66}.Debug|Any CPU.Build.0 = Debug|Any CPU
		{384B71C1-B4DD-4448-92FE-F52D6353AA66}.Release|Any CPU.ActiveCfg = Release|Any CPU
		{384B71C1-B4DD-4448-92FE-F52D6353AA66}.Release|Any CPU.Build.0 = Release|Any CPU
		{A5AA537E-2C06-48A7-A696-03D139752F69}.Debug|Any CPU.ActiveCfg = Debug|Any CPU
		{A5AA537E-2C06-48A7-A696-03D139752F69}.Debug|Any CPU.Build.0 = Debug|Any CPU
		{A5AA537E-2C06-48A7-A696-03D139752F69}.Release|Any CPU.ActiveCfg = Release|Any CPU
		{A5AA537E-2C06-48A7-A696-03D139752F69}.Release|Any CPU.Build.0 = Release|Any CPU
		{368D1847-FB1A-4F7C-9B58-50964E8C2904}.Debug|Any CPU.ActiveCfg = Debug|Any CPU
		{368D1847-FB1A-4F7C-9B58-50964E8C2904}.Debug|Any CPU.Build.0 = Debug|Any CPU
		{368D1847-FB1A-4F7C-9B58-50964E8C2904}.Release|Any CPU.ActiveCfg = Release|Any CPU
		{368D1847-FB1A-4F7C-9B58-50964E8C2904}.Release|Any CPU.Build.0 = Release|Any CPU
	EndGlobalSection
	GlobalSection(SolutionProperties) = preSolution
		HideSolutionNode = FALSE
	EndGlobalSection
	GlobalSection(NestedProjects) = preSolution
		{71D9445A-D9A1-44A0-A714-AB59CC23CB90} = {0F259A14-8C05-4A35-A877-702E78A4879C}
		{83135D4A-55A0-44D7-AEF5-2E7AD0B0A1E2} = {0F259A14-8C05-4A35-A877-702E78A4879C}
		{7B4EE4E7-D9A8-4271-A180-24C7A4DFB887} = {0F259A14-8C05-4A35-A877-702E78A4879C}
		{1B93AC12-8420-4F1D-8BE0-D1EF16C99439} = {0F259A14-8C05-4A35-A877-702E78A4879C}
		{EE770ADB-5406-429F-8A99-8F9A6B6DE320} = {0F259A14-8C05-4A35-A877-702E78A4879C}
		{4D232D91-0BB9-4099-8BCD-744A7DE0DBB5} = {0F259A14-8C05-4A35-A877-702E78A4879C}
		{35D54E1E-F6ED-45E7-B092-D5BDF828A486} = {0F259A14-8C05-4A35-A877-702E78A4879C}
		{9275861C-AF0B-471A-A5DC-36102E6AC597} = {0F259A14-8C05-4A35-A877-702E78A4879C}
		{44D69549-B5C3-48CC-A3FF-B3C777127392} = {E5844BB0-0DB1-416A-A243-FDA094BC47B9}
		{FC7E24A8-31B5-4F52-B036-5FEAD813F500} = {E5844BB0-0DB1-416A-A243-FDA094BC47B9}
		{A2E765D8-97AB-4749-94B0-F24185203E1F} = {3E26B1D9-DA71-44EA-B7DA-87F3DB53EAB9}
		{E3B19C51-EEFF-4E5D-A6B2-91B81CF7A4C8} = {3E26B1D9-DA71-44EA-B7DA-87F3DB53EAB9}
		{384B71C1-B4DD-4448-92FE-F52D6353AA66} = {3E26B1D9-DA71-44EA-B7DA-87F3DB53EAB9}
		{A5AA537E-2C06-48A7-A696-03D139752F69} = {16F13CA3-199E-46DF-8F6E-3AEC0F1EA6AC}
		{368D1847-FB1A-4F7C-9B58-50964E8C2904} = {16F13CA3-199E-46DF-8F6E-3AEC0F1EA6AC}
	EndGlobalSection
	GlobalSection(ExtensibilityGlobals) = postSolution
		SolutionGuid = {7A9E6394-3D58-4D61-869E-A135412C8414}
	EndGlobalSection
EndGlobal
